{
  "name": "2차 프로젝트",
  "lockfileVersion": 2,
  "requires": true,
  "packages": {
    "": {
      "devDependencies": {
        "mixitup": "^3.3.1"
      }
    },
    "node_modules/mixitup": {
      "version": "3.3.1",
      "resolved": "https://registry.npmjs.org/mixitup/-/mixitup-3.3.1.tgz",
      "integrity": "sha512-5WlMzRNSAU5R1N/NlmOvmYxcZVgib3do5I0H+LO6e0ArI7GlNLMPoAANK7XOemuwJFZcJHIGvWDIPMK1jnWEqA==",
      "dev": true
    }
  },
  "dependencies": {
    "mixitup": {
      "version": "3.3.1",
      "resolved": "https://registry.npmjs.org/mixitup/-/mixitup-3.3.1.tgz",
      "integrity": "sha512-5WlMzRNSAU5R1N/NlmOvmYxcZVgib3do5I0H+LO6e0ArI7GlNLMPoAANK7XOemuwJFZcJHIGvWDIPMK1jnWEqA==",
      "dev": true
    }
  }
}
